
Microsoft Visual Studio Solution File, Format Version 12.00
# Visual Studio Version 17
VisualStudioVersion = 17.7.34003.232
MinimumVisualStudioVersion = 10.0.40219.1
Project("{FAE04EC0-301F-11D3-BF4B-00C04F79EFBC}") = "NullRefereceExceptionAtGetSymbolInfo", "NullRefereceExceptionAtGetSymbolInfo\NullRefereceExceptionAtGetSymbolInfo.csproj", "{C0743EC4-BF2C-42CA-8BF3-83F43C03541E}"
EndProject
Project("{FAE04EC0-301F-11D3-BF4B-00C04F79EFBC}") = "NullRefereceExceptionAtGetSymbolInfoAnalyzer", "NullRefereceExceptionAtGetSymbolInfoAnalyzer\NullRefereceExceptionAtGetSymbolInfoAnalyzer.csproj", "{E107EB97-3E96-44CC-98A1-EDF5390D7BD2}"
EndProject
Global
	GlobalSection(SolutionConfigurationPlatforms) = preSolution
		Debug|Any CPU = Debug|Any CPU
		Release|Any CPU = Release|Any CPU
	EndGlobalSection
	GlobalSection(ProjectConfigurationPlatforms) = postSolution
		{C0743EC4-BF2C-42CA-8BF3-83F43C03541E}.Debug|Any CPU.ActiveCfg = Debug|Any CPU
		{C0743EC4-BF2C-42CA-8BF3-83F43C03541E}.Debug|Any CPU.Build.0 = Debug|Any CPU
		{C0743EC4-BF2C-42CA-8BF3-83F43C03541E}.Release|Any CPU.ActiveCfg = Release|Any CPU
		{C0743EC4-BF2C-42CA-8BF3-83F43C03541E}.Release|Any CPU.Build.0 = Release|Any CPU
		{E107EB97-3E96-44CC-98A1-EDF5390D7BD2}.Debug|Any CPU.ActiveCfg = Debug|Any CPU
		{E107EB97-3E96-44CC-98A1-EDF5390D7BD2}.Debug|Any CPU.Build.0 = Debug|Any CPU
		{E107EB97-3E96-44CC-98A1-EDF5390D7BD2}.Release|Any CPU.ActiveCfg = Release|Any CPU
		{E107EB97-3E96-44CC-98A1-EDF5390D7BD2}.Release|Any CPU.Build.0 = Release|Any CPU
	EndGlobalSection
	GlobalSection(SolutionProperties) = preSolution
		HideSolutionNode = FALSE
	EndGlobalSection
	GlobalSection(ExtensibilityGlobals) = postSolution
		SolutionGuid = {0A713097-208A-4BA9-8B3C-02A653F9504D}
	EndGlobalSection
EndGlobal
